// !$*UTF8*$!
{
	archiveVersion = 1;
	classes = {
	};
	objectVersion = 50;
	objects = {

/* Begin PBXBuildFile section */
		44527474240501D500267923 /* LinkData.swift in Sources */ = {isa = PBXBuildFile; fileRef = 44527473240501D500267923 /* LinkData.swift */; };
		447FFEE72402B62000A47221 /* RequestKBP.swift in Sources */ = {isa = PBXBuildFile; fileRef = 447FFEE62402B62000A47221 /* RequestKBP.swift */; };
		447FFEE92402B6E500A47221 /* ParsingMethods.swift in Sources */ = {isa = PBXBuildFile; fileRef = 447FFEE82402B6E500A47221 /* ParsingMethods.swift */; };
		4508C55024E59F0B00C3F9E2 /* MultiDirectionOrganizedScroll.mm in Sources */ = {isa = PBXBuildFile; fileRef = 4508C54F24E59F0B00C3F9E2 /* MultiDirectionOrganizedScroll.mm */; };
		451E63982500EE7C000B48B9 /* WeekControl.m in Sources */ = {isa = PBXBuildFile; fileRef = 451E63972500EE7C000B48B9 /* WeekControl.m */; };
		451EF581240252A8002497C8 /* AppDelegate.swift in Sources */ = {isa = PBXBuildFile; fileRef = 451EF580240252A8002497C8 /* AppDelegate.swift */; };
		451EF583240252A8002497C8 /* SceneDelegate.swift in Sources */ = {isa = PBXBuildFile; fileRef = 451EF582240252A8002497C8 /* SceneDelegate.swift */; };
		451EF585240252A8002497C8 /* ViewController.swift in Sources */ = {isa = PBXBuildFile; fileRef = 451EF584240252A8002497C8 /* ViewController.swift */; };
		451EF588240252A8002497C8 /* Main.storyboard in Resources */ = {isa = PBXBuildFile; fileRef = 451EF586240252A8002497C8 /* Main.storyboard */; };
		451EF58A240252A9002497C8 /* Assets.xcassets in Resources */ = {isa = PBXBuildFile; fileRef = 451EF589240252A9002497C8 /* Assets.xcassets */; };
		451EF58D240252A9002497C8 /* LaunchScreen.storyboard in Resources */ = {isa = PBXBuildFile; fileRef = 451EF58B240252A9002497C8 /* LaunchScreen.storyboard */; };
		451EF59724025535002497C8 /* Extension.swift in Sources */ = {isa = PBXBuildFile; fileRef = 451EF59624025535002497C8 /* Extension.swift */; };
		454F10B424DC21D6000989A6 /* ContentView.swift in Sources */ = {isa = PBXBuildFile; fileRef = 454F10B324DC21D6000989A6 /* ContentView.swift */; };
		45677A2424D87ACA0068E2F0 /* Constants.swift in Sources */ = {isa = PBXBuildFile; fileRef = 45677A2324D87ACA0068E2F0 /* Constants.swift */; };
		4586EBE224E9693400459624 /* ContentView.xib in Resources */ = {isa = PBXBuildFile; fileRef = 4586EBE124E9693400459624 /* ContentView.xib */; };
		458A048924D860000079C313 /* SF-Pro-Rounded-Regular.otf in Resources */ = {isa = PBXBuildFile; fileRef = 458A048824D860000079C313 /* SF-Pro-Rounded-Regular.otf */; };
		45FF292124F8639A005770C4 /* MegaSuperDuper.mm in Sources */ = {isa = PBXBuildFile; fileRef = 45FF292024F8639A005770C4 /* MegaSuperDuper.mm */; };
/* End PBXBuildFile section */

/* Begin PBXFileReference section */
		44527473240501D500267923 /* LinkData.swift */ = {isa = PBXFileReference; lastKnownFileType = sourcecode.swift; path = LinkData.swift; sourceTree = "<group>"; };
		447FFEE62402B62000A47221 /* RequestKBP.swift */ = {isa = PBXFileReference; lastKnownFileType = sourcecode.swift; path = RequestKBP.swift; sourceTree = "<group>"; };
		447FFEE82402B6E500A47221 /* ParsingMethods.swift */ = {isa = PBXFileReference; lastKnownFileType = sourcecode.swift; path = ParsingMethods.swift; sourceTree = "<group>"; };
		4508C54E24E59F0B00C3F9E2 /* MultiDirectionOrganizedScroll.h */ = {isa = PBXFileReference; lastKnownFileType = sourcecode.c.h; path = MultiDirectionOrganizedScroll.h; sourceTree = "<group>"; };
		4508C54F24E59F0B00C3F9E2 /* MultiDirectionOrganizedScroll.mm */ = {isa = PBXFileReference; lastKnownFileType = sourcecode.cpp.objcpp; path = MultiDirectionOrganizedScroll.mm; sourceTree = "<group>"; };
		450936E824DE083000533963 /* NewSchedule-Bridging-Header.h */ = {isa = PBXFileReference; lastKnownFileType = sourcecode.c.h; path = "NewSchedule-Bridging-Header.h"; sourceTree = "<group>"; };
		451E63962500EE7C000B48B9 /* WeekControl.h */ = {isa = PBXFileReference; lastKnownFileType = sourcecode.c.h; path = WeekControl.h; sourceTree = "<group>"; };
		451E63972500EE7C000B48B9 /* WeekControl.m */ = {isa = PBXFileReference; lastKnownFileType = sourcecode.c.objc; path = WeekControl.m; sourceTree = "<group>"; };
		451EF57D240252A8002497C8 /* NewSchedule.app */ = {isa = PBXFileReference; explicitFileType = wrapper.application; includeInIndex = 0; path = NewSchedule.app; sourceTree = BUILT_PRODUCTS_DIR; };
		451EF580240252A8002497C8 /* AppDelegate.swift */ = {isa = PBXFileReference; lastKnownFileType = sourcecode.swift; path = AppDelegate.swift; sourceTree = "<group>"; };
		451EF582240252A8002497C8 /* SceneDelegate.swift */ = {isa = PBXFileReference; lastKnownFileType = sourcecode.swift; path = SceneDelegate.swift; sourceTree = "<group>"; };
		451EF584240252A8002497C8 /* ViewController.swift */ = {isa = PBXFileReference; lastKnownFileType = sourcecode.swift; path = ViewController.swift; sourceTree = "<group>"; };
		451EF587240252A8002497C8 /* Base */ = {isa = PBXFileReference; lastKnownFileType = file.storyboard; name = Base; path = Base.lproj/Main.storyboard; sourceTree = "<group>"; };
		451EF589240252A9002497C8 /* Assets.xcassets */ = {isa = PBXFileReference; lastKnownFileType = folder.assetcatalog; path = Assets.xcassets; sourceTree = "<group>"; };
		451EF58C240252A9002497C8 /* Base */ = {isa = PBXFileReference; lastKnownFileType = file.storyboard; name = Base; path = Base.lproj/LaunchScreen.storyboard; sourceTree = "<group>"; };
		451EF58E240252A9002497C8 /* Info.plist */ = {isa = PBXFileReference; lastKnownFileType = text.plist.xml; path = Info.plist; sourceTree = "<group>"; };
		451EF59624025535002497C8 /* Extension.swift */ = {isa = PBXFileReference; lastKnownFileType = sourcecode.swift; path = Extension.swift; sourceTree = "<group>"; };
		454F10B324DC21D6000989A6 /* ContentView.swift */ = {isa = PBXFileReference; lastKnownFileType = sourcecode.swift; path = ContentView.swift; sourceTree = "<group>"; };
		45677A2324D87ACA0068E2F0 /* Constants.swift */ = {isa = PBXFileReference; lastKnownFileType = sourcecode.swift; path = Constants.swift; sourceTree = "<group>"; };
		4586EBE124E9693400459624 /* ContentView.xib */ = {isa = PBXFileReference; lastKnownFileType = file.xib; path = ContentView.xib; sourceTree = "<group>"; };
		458A048824D860000079C313 /* SF-Pro-Rounded-Regular.otf */ = {isa = PBXFileReference; lastKnownFileType = file; path = "SF-Pro-Rounded-Regular.otf"; sourceTree = "<group>"; };
		45FF292024F8639A005770C4 /* MegaSuperDuper.mm */ = {isa = PBXFileReference; lastKnownFileType = sourcecode.cpp.objcpp; path = MegaSuperDuper.mm; sourceTree = "<group>"; };
/* End PBXFileReference section */

/* Begin PBXFrameworksBuildPhase section */
		451EF57A240252A8002497C8 /* Frameworks */ = {
			isa = PBXFrameworksBuildPhase;
			buildActionMask = 2147483647;
			files = (
			);
			runOnlyForDeploymentPostprocessing = 0;
		};
/* End PBXFrameworksBuildPhase section */

/* Begin PBXGroup section */
		447FFEE52402B5EE00A47221 /* Parsing */ = {
			isa = PBXGroup;
			children = (
				447FFEE62402B62000A47221 /* RequestKBP.swift */,
				447FFEE82402B6E500A47221 /* ParsingMethods.swift */,
				44527473240501D500267923 /* LinkData.swift */,
			);
			path = Parsing;
			sourceTree = "<group>";
		};
		450936EC24DE0BA500533963 /* SomeObjectiveCStuff */ = {
			isa = PBXGroup;
			children = (
				450936E824DE083000533963 /* NewSchedule-Bridging-Header.h */,
				4508C54E24E59F0B00C3F9E2 /* MultiDirectionOrganizedScroll.h */,
				4508C54F24E59F0B00C3F9E2 /* MultiDirectionOrganizedScroll.mm */,
				451E63962500EE7C000B48B9 /* WeekControl.h */,
				451E63972500EE7C000B48B9 /* WeekControl.m */,
				45FF292024F8639A005770C4 /* MegaSuperDuper.mm */,
			);
			path = SomeObjectiveCStuff;
			sourceTree = "<group>";
		};
		451EF574240252A8002497C8 = {
			isa = PBXGroup;
			children = (
				451EF57F240252A8002497C8 /* NewSchedule */,
				451EF57E240252A8002497C8 /* Products */,
			);
			sourceTree = "<group>";
		};
		451EF57E240252A8002497C8 /* Products */ = {
			isa = PBXGroup;
			children = (
				451EF57D240252A8002497C8 /* NewSchedule.app */,
			);
			name = Products;
			sourceTree = "<group>";
		};
		451EF57F240252A8002497C8 /* NewSchedule */ = {
			isa = PBXGroup;
			children = (
				458A048724D85EF70079C313 /* Fonts */,
				447FFEE52402B5EE00A47221 /* Parsing */,
				458A048524D85AF60079C313 /* Delegates */,
				458A048424D85ADE0079C313 /* Cell */,
				451EF584240252A8002497C8 /* ViewController.swift */,
				451EF59624025535002497C8 /* Extension.swift */,
				45677A2324D87ACA0068E2F0 /* Constants.swift */,
				451EF586240252A8002497C8 /* Main.storyboard */,
				458A048624D85B020079C313 /* ThirdParty */,
				450936EC24DE0BA500533963 /* SomeObjectiveCStuff */,
			);
			path = NewSchedule;
			sourceTree = "<group>";
		};
		458A048424D85ADE0079C313 /* Cell */ = {
			isa = PBXGroup;
			children = (
				454F10B324DC21D6000989A6 /* ContentView.swift */,
				4586EBE124E9693400459624 /* ContentView.xib */,
			);
			path = Cell;
			sourceTree = "<group>";
		};
		458A048524D85AF60079C313 /* Delegates */ = {
			isa = PBXGroup;
			children = (
				451EF580240252A8002497C8 /* AppDelegate.swift */,
				451EF582240252A8002497C8 /* SceneDelegate.swift */,
			);
			path = Delegates;
			sourceTree = "<group>";
		};
		458A048624D85B020079C313 /* ThirdParty */ = {
			isa = PBXGroup;
			children = (
				451EF589240252A9002497C8 /* Assets.xcassets */,
				451EF58B240252A9002497C8 /* LaunchScreen.storyboard */,
				451EF58E240252A9002497C8 /* Info.plist */,
			);
			path = ThirdParty;
			sourceTree = "<group>";
		};
		458A048724D85EF70079C313 /* Fonts */ = {
			isa = PBXGroup;
			children = (
				458A048824D860000079C313 /* SF-Pro-Rounded-Regular.otf */,
			);
			path = Fonts;
			sourceTree = "<group>";
		};
/* End PBXGroup section */

/* Begin PBXNativeTarget section */
		451EF57C240252A8002497C8 /* NewSchedule */ = {
			isa = PBXNativeTarget;
			buildConfigurationList = 451EF591240252A9002497C8 /* Build configuration list for PBXNativeTarget "NewSchedule" */;
			buildPhases = (
				451EF579240252A8002497C8 /* Sources */,
				451EF57A240252A8002497C8 /* Frameworks */,
				451EF57B240252A8002497C8 /* Resources */,
			);
			buildRules = (
			);
			dependencies = (
			);
			name = NewSchedule;
			productName = NewSchedule;
			productReference = 451EF57D240252A8002497C8 /* NewSchedule.app */;
			productType = "com.apple.product-type.application";
		};
/* End PBXNativeTarget section */

/* Begin PBXProject section */
		451EF575240252A8002497C8 /* Project object */ = {
			isa = PBXProject;
			attributes = {
				LastSwiftUpdateCheck = 1140;
				LastUpgradeCheck = 1140;
				ORGANIZATIONNAME = IvanLyuhtikov;
				TargetAttributes = {
					451EF57C240252A8002497C8 = {
						CreatedOnToolsVersion = 11.4;
						LastSwiftMigration = 1160;
					};
				};
			};
			buildConfigurationList = 451EF578240252A8002497C8 /* Build configuration list for PBXProject "NewSchedule" */;
			compatibilityVersion = "Xcode 9.3";
			developmentRegion = en;
			hasScannedForEncodings = 0;
			knownRegions = (
				en,
				Base,
			);
			mainGroup = 451EF574240252A8002497C8;
			productRefGroup = 451EF57E240252A8002497C8 /* Products */;
			projectDirPath = "";
			projectRoot = "";
			targets = (
				451EF57C240252A8002497C8 /* NewSchedule */,
			);
		};
/* End PBXProject section */

/* Begin PBXResourcesBuildPhase section */
		451EF57B240252A8002497C8 /* Resources */ = {
			isa = PBXResourcesBuildPhase;
			buildActionMask = 2147483647;
			files = (
				451EF58D240252A9002497C8 /* LaunchScreen.storyboard in Resources */,
				458A048924D860000079C313 /* SF-Pro-Rounded-Regular.otf in Resources */,
				451EF58A240252A9002497C8 /* Assets.xcassets in Resources */,
				4586EBE224E9693400459624 /* ContentView.xib in Resources */,
				451EF588240252A8002497C8 /* Main.storyboard in Resources */,
			);
			runOnlyForDeploymentPostprocessing = 0;
		};
/* End PBXResourcesBuildPhase section */

/* Begin PBXSourcesBuildPhase section */
		451EF579240252A8002497C8 /* Sources */ = {
			isa = PBXSourcesBuildPhase;
			buildActionMask = 2147483647;
			files = (
				4508C55024E59F0B00C3F9E2 /* MultiDirectionOrganizedScroll.mm in Sources */,
				451EF59724025535002497C8 /* Extension.swift in Sources */,
				454F10B424DC21D6000989A6 /* ContentView.swift in Sources */,
				451EF585240252A8002497C8 /* ViewController.swift in Sources */,
				44527474240501D500267923 /* LinkData.swift in Sources */,
				447FFEE72402B62000A47221 /* RequestKBP.swift in Sources */,
				447FFEE92402B6E500A47221 /* ParsingMethods.swift in Sources */,
				451EF581240252A8002497C8 /* AppDelegate.swift in Sources */,
				45FF292124F8639A005770C4 /* MegaSuperDuper.mm in Sources */,
				451E63982500EE7C000B48B9 /* WeekControl.m in Sources */,
				451EF583240252A8002497C8 /* SceneDelegate.swift in Sources */,
				45677A2424D87ACA0068E2F0 /* Constants.swift in Sources */,
			);
			runOnlyForDeploymentPostprocessing = 0;
		};
/* End PBXSourcesBuildPhase section */

/* Begin PBXVariantGroup section */
		451EF586240252A8002497C8 /* Main.storyboard */ = {
			isa = PBXVariantGroup;
			children = (
				451EF587240252A8002497C8 /* Base */,
			);
			name = Main.storyboard;
			sourceTree = "<group>";
		};
		451EF58B240252A9002497C8 /* LaunchScreen.storyboard */ = {
			isa = PBXVariantGroup;
			children = (
				451EF58C240252A9002497C8 /* Base */,
			);
			name = LaunchScreen.storyboard;
			sourceTree = "<group>";
		};
/* End PBXVariantGroup section */

/* Begin XCBuildConfiguration section */
		451EF58F240252A9002497C8 /* Debug */ = {
			isa = XCBuildConfiguration;
			buildSettings = {
				ALWAYS_SEARCH_USER_PATHS = NO;
				CLANG_ANALYZER_NONNULL = YES;
				CLANG_ANALYZER_NUMBER_OBJECT_CONVERSION = YES_AGGRESSIVE;
				CLANG_CXX_LANGUAGE_STANDARD = "gnu++14";
				CLANG_CXX_LIBRARY = "libc++";
				CLANG_ENABLE_MODULES = YES;
				CLANG_ENABLE_OBJC_ARC = YES;
				CLANG_ENABLE_OBJC_WEAK = YES;
				CLANG_WARN_BLOCK_CAPTURE_AUTORELEASING = YES;
				CLANG_WARN_BOOL_CONVERSION = YES;
				CLANG_WARN_COMMA = YES;
				CLANG_WARN_CONSTANT_CONVERSION = YES;
				CLANG_WARN_DEPRECATED_OBJC_IMPLEMENTATIONS = YES;
				CLANG_WARN_DIRECT_OBJC_ISA_USAGE = YES_ERROR;
				CLANG_WARN_DOCUMENTATION_COMMENTS = YES;
				CLANG_WARN_EMPTY_BODY = YES;
				CLANG_WARN_ENUM_CONVERSION = YES;
				CLANG_WARN_INFINITE_RECURSION = YES;
				CLANG_WARN_INT_CONVERSION = YES;
				CLANG_WARN_NON_LITERAL_NULL_CONVERSION = YES;
				CLANG_WARN_OBJC_IMPLICIT_RETAIN_SELF = YES;
				CLANG_WARN_OBJC_LITERAL_CONVERSION = YES;
				CLANG_WARN_OBJC_ROOT_CLASS = YES_ERROR;
				CLANG_WARN_RANGE_LOOP_ANALYSIS = YES;
				CLANG_WARN_STRICT_PROTOTYPES = YES;
				CLANG_WARN_SUSPICIOUS_MOVE = YES;
				CLANG_WARN_UNGUARDED_AVAILABILITY = YES_AGGRESSIVE;
				CLANG_WARN_UNREACHABLE_CODE = YES;
				CLANG_WARN__DUPLICATE_METHOD_MATCH = YES;
				COPY_PHASE_STRIP = NO;
				DEBUG_INFORMATION_FORMAT = dwarf;
				ENABLE_STRICT_OBJC_MSGSEND = YES;
				ENABLE_TESTABILITY = YES;
				GCC_C_LANGUAGE_STANDARD = gnu11;
				GCC_DYNAMIC_NO_PIC = NO;
				GCC_NO_COMMON_BLOCKS = YES;
				GCC_OPTIMIZATION_LEVEL = 0;
				GCC_PREPROCESSOR_DEFINITIONS = (
					"DEBUG=1",
					"$(inherited)",
				);
				GCC_WARN_64_TO_32_BIT_CONVERSION = YES;
				GCC_WARN_ABOUT_RETURN_TYPE = YES_ERROR;
				GCC_WARN_UNDECLARED_SELECTOR = YES;
				GCC_WARN_UNINITIALIZED_AUTOS = YES_AGGRESSIVE;
				GCC_WARN_UNUSED_FUNCTION = YES;
				GCC_WARN_UNUSED_VARIABLE = YES;
				IPHONEOS_DEPLOYMENT_TARGET = 11.0;
				MTL_ENABLE_DEBUG_INFO = INCLUDE_SOURCE;
				MTL_FAST_MATH = YES;
				ONLY_ACTIVE_ARCH = YES;
				SDKROOT = iphoneos;
				SWIFT_ACTIVE_COMPILATION_CONDITIONS = DEBUG;
				SWIFT_OPTIMIZATION_LEVEL = "-Onone";
				TARGETED_DEVICE_FAMILY = "1,2";
			};
			name = Debug;
		};
		451EF590240252A9002497C8 /* Release */ = {
			isa = XCBuildConfiguration;
			buildSettings = {
				ALWAYS_SEARCH_USER_PATHS = NO;
				CLANG_ANALYZER_NONNULL = YES;
				CLANG_ANALYZER_NUMBER_OBJECT_CONVERSION = YES_AGGRESSIVE;
				CLANG_CXX_LANGUAGE_STANDARD = "gnu++14";
				CLANG_CXX_LIBRARY = "libc++";
				CLANG_ENABLE_MODULES = YES;
				CLANG_ENABLE_OBJC_ARC = YES;
				CLANG_ENABLE_OBJC_WEAK = YES;
				CLANG_WARN_BLOCK_CAPTURE_AUTORELEASING = YES;
				CLANG_WARN_BOOL_CONVERSION = YES;
				CLANG_WARN_COMMA = YES;
				CLANG_WARN_CONSTANT_CONVERSION = YES;
				CLANG_WARN_DEPRECATED_OBJC_IMPLEMENTATIONS = YES;
				CLANG_WARN_DIRECT_OBJC_ISA_USAGE = YES_ERROR;
				CLANG_WARN_DOCUMENTATION_COMMENTS = YES;
				CLANG_WARN_EMPTY_BODY = YES;
				CLANG_WARN_ENUM_CONVERSION = YES;
				CLANG_WARN_INFINITE_RECURSION = YES;
				CLANG_WARN_INT_CONVERSION = YES;
				CLANG_WARN_NON_LITERAL_NULL_CONVERSION = YES;
				CLANG_WARN_OBJC_IMPLICIT_RETAIN_SELF = YES;
				CLANG_WARN_OBJC_LITERAL_CONVERSION = YES;
				CLANG_WARN_OBJC_ROOT_CLASS = YES_ERROR;
				CLANG_WARN_RANGE_LOOP_ANALYSIS = YES;
				CLANG_WARN_STRICT_PROTOTYPES = YES;
				CLANG_WARN_SUSPICIOUS_MOVE = YES;
				CLANG_WARN_UNGUARDED_AVAILABILITY = YES_AGGRESSIVE;
				CLANG_WARN_UNREACHABLE_CODE = YES;
				CLANG_WARN__DUPLICATE_METHOD_MATCH = YES;
				COPY_PHASE_STRIP = NO;
				DEBUG_INFORMATION_FORMAT = "dwarf-with-dsym";
				ENABLE_NS_ASSERTIONS = NO;
				ENABLE_STRICT_OBJC_MSGSEND = YES;
				GCC_C_LANGUAGE_STANDARD = gnu11;
				GCC_NO_COMMON_BLOCKS = YES;
				GCC_WARN_64_TO_32_BIT_CONVERSION = YES;
				GCC_WARN_ABOUT_RETURN_TYPE = YES_ERROR;
				GCC_WARN_UNDECLARED_SELECTOR = YES;
				GCC_WARN_UNINITIALIZED_AUTOS = YES_AGGRESSIVE;
				GCC_WARN_UNUSED_FUNCTION = YES;
				GCC_WARN_UNUSED_VARIABLE = YES;
				IPHONEOS_DEPLOYMENT_TARGET = 11.0;
				MTL_ENABLE_DEBUG_INFO = NO;
				MTL_FAST_MATH = YES;
				SDKROOT = iphoneos;
				SWIFT_COMPILATION_MODE = wholemodule;
				SWIFT_OPTIMIZATION_LEVEL = "-O";
				TARGETED_DEVICE_FAMILY = "1,2";
				VALIDATE_PRODUCT = YES;
			};
			name = Release;
		};
		451EF592240252A9002497C8 /* Debug */ = {
			isa = XCBuildConfiguration;
			buildSettings = {
				ASSETCATALOG_COMPILER_APPICON_NAME = AppIcon;
				CLANG_ENABLE_MODULES = YES;
				CODE_SIGN_STYLE = Automatic;
				DEFINES_MODULE = YES;
				DEVELOPMENT_TEAM = 779L93M27G;
				INFOPLIST_FILE = NewSchedule/ThirdParty/Info.plist;
				IPHONEOS_DEPLOYMENT_TARGET = 11.0;
				LD_RUNPATH_SEARCH_PATHS = (
					"$(inherited)",
					"@executable_path/Frameworks",
				);
				PRODUCT_BUNDLE_IDENTIFIER = com.vanjo.NewSchedule;
				PRODUCT_NAME = "$(TARGET_NAME)";
				SWIFT_OBJC_BRIDGING_HEADER = "NewSchedule/SomeObjectiveCStuff/NewSchedule-Bridging-Header.h";
				SWIFT_OPTIMIZATION_LEVEL = "-Onone";
				SWIFT_VERSION = 5.0;
				TARGETED_DEVICE_FAMILY = "1,2";
			};
			name = Debug;
		};
		451EF593240252A9002497C8 /* Release */ = {
			isa = XCBuildConfiguration;
			buildSettings = {
				ASSETCATALOG_COMPILER_APPICON_NAME = AppIcon;
				CLANG_ENABLE_MODULES = YES;
				CODE_SIGN_STYLE = Automatic;
				DEFINES_MODULE = YES;
				DEVELOPMENT_TEAM = 779L93M27G;
				INFOPLIST_FILE = NewSchedule/ThirdParty/Info.plist;
				IPHONEOS_DEPLOYMENT_TARGET = 11.0;
				LD_RUNPATH_SEARCH_PATHS = (
					"$(inherited)",
					"@executable_path/Frameworks",
				);
				PRODUCT_BUNDLE_IDENTIFIER = com.vanjo.NewSchedule;
				PRODUCT_NAME = "$(TARGET_NAME)";
				SWIFT_OBJC_BRIDGING_HEADER = "NewSchedule/SomeObjectiveCStuff/NewSchedule-Bridging-Header.h";
				SWIFT_VERSION = 5.0;
				TARGETED_DEVICE_FAMILY = "1,2";
			};
			name = Release;
		};
/* End XCBuildConfiguration section */

/* Begin XCConfigurationList section */
		451EF578240252A8002497C8 /* Build configuration list for PBXProject "NewSchedule" */ = {
			isa = XCConfigurationList;
			buildConfigurations = (
				451EF58F240252A9002497C8 /* Debug */,
				451EF590240252A9002497C8 /* Release */,
			);
			defaultConfigurationIsVisible = 0;
			defaultConfigurationName = Release;
		};
		451EF591240252A9002497C8 /* Build configuration list for PBXNativeTarget "NewSchedule" */ = {
			isa = XCConfigurationList;
			buildConfigurations = (
				451EF592240252A9002497C8 /* Debug */,
				451EF593240252A9002497C8 /* Release */,
			);
			defaultConfigurationIsVisible = 0;
			defaultConfigurationName = Release;
		};
/* End XCConfigurationList section */
	};
	rootObject = 451EF575240252A8002497C8 /* Project object */;
}
